<?xml version="1.0" encoding="utf-8"?>
<Project ToolsVersion="4.0" xmlns="http://schemas.microsoft.com/developer/msbuild/2003">
  <ItemGroup>
    <ClCompile Include="Render\Camera.cpp">
      <Filter>Render</Filter>
    </ClCompile>
    <ClCompile Include="Render\Render.cpp">
      <Filter>Render</Filter>
    </ClCompile>
    <ClCompile Include="RenderUtils.cpp" />
    <ClCompile Include="main.cpp" />
    <ClCompile Include="callbacks.cpp" />
    <ClCompile Include="SceneManager.cpp" />
    <ClCompile Include="ParticleSystem.cpp" />
    <ClCompile Include="ExplosionForceGenerator.cpp">
      <Filter>ForceGenerators</Filter>
    </ClCompile>
    <ClCompile Include="ParticleForceRegistry.cpp">
      <Filter>ForceGenerators</Filter>
    </ClCompile>
    <ClCompile Include="GravityForceGenerator.cpp">
      <Filter>ForceGenerators</Filter>
    </ClCompile>
    <ClCompile Include="ForceGenerator.cpp">
      <Filter>ForceGenerators</Filter>
    </ClCompile>
    <ClCompile Include="TornadoForceGenerator.cpp">
      <Filter>ForceGenerators</Filter>
    </ClCompile>
    <ClCompile Include="WindForceGenerator.cpp">
      <Filter>ForceGenerators</Filter>
    </ClCompile>
    <ClCompile Include="ParticleGenerator.cpp">
      <Filter>ParticleGenerators</Filter>
    </ClCompile>
    <ClCompile Include="GaussianParticleGenerator.cpp">
      <Filter>ParticleGenerators</Filter>
    </ClCompile>
    <ClCompile Include="UniformParticleGenerator.cpp">
      <Filter>ParticleGenerators</Filter>
    </ClCompile>
    <ClCompile Include="Firework.cpp">
      <Filter>Objects</Filter>
    </ClCompile>
    <ClCompile Include="Particle.cpp">
      <Filter>Objects</Filter>
    </ClCompile>
    <ClCompile Include="SpringForceGenerator.cpp">
      <Filter>ForceGenerators</Filter>
    </ClCompile>
    <ClCompile Include="StaticSpringForceGenerator.cpp">
      <Filter>ForceGenerators</Filter>
    </ClCompile>
    <ClCompile Include="BuoyancyForceGenerator.cpp">
      <Filter>ForceGenerators</Filter>
    </ClCompile>
    <ClCompile Include="RigidBodyForceRegistry.cpp">
      <Filter>RigidBodies</Filter>
    </ClCompile>
    <ClCompile Include="RigidBodyGenerator.cpp">
      <Filter>RigidBodies</Filter>
    </ClCompile>
    <ClCompile Include="RigidBody.cpp">
      <Filter>RigidBodies</Filter>
    </ClCompile>
    <ClCompile Include="RBSystem.cpp">
      <Filter>RigidBodies</Filter>
    </ClCompile>
  </ItemGroup>
  <ItemGroup>
    <ClInclude Include="core.hpp" />
    <ClInclude Include="Render\Camera.h">
      <Filter>Render</Filter>
    </ClInclude>
    <ClInclude Include="Render\Render.h">
      <Filter>Render</Filter>
    </ClInclude>
    <ClInclude Include="RenderUtils.hpp" />
    <ClInclude Include="callbacks.hpp" />
    <ClInclude Include="SceneManager.h" />
    <ClInclude Include="ParticleSystem.h" />
    <ClInclude Include="ExplosionForceGenerator.h">
      <Filter>ForceGenerators</Filter>
    </ClInclude>
    <ClInclude Include="ParticleForceRegistry.h">
      <Filter>ForceGenerators</Filter>
    </ClInclude>
    <ClInclude Include="GravityForceGenerator.h">
      <Filter>ForceGenerators</Filter>
    </ClInclude>
    <ClInclude Include="ForceGenerator.h">
      <Filter>ForceGenerators</Filter>
    </ClInclude>
    <ClInclude Include="TornadoForceGenerator.h">
      <Filter>ForceGenerators</Filter>
    </ClInclude>
    <ClInclude Include="WindForceGenerator.h">
      <Filter>ForceGenerators</Filter>
    </ClInclude>
    <ClInclude Include="ParticleGenerator.h">
      <Filter>ParticleGenerators</Filter>
    </ClInclude>
    <ClInclude Include="GaussianParticleGenerator.h">
      <Filter>ParticleGenerators</Filter>
    </ClInclude>
    <ClInclude Include="UniformParticleGenerator.h">
      <Filter>ParticleGenerators</Filter>
    </ClInclude>
    <ClInclude Include="Firework.h">
      <Filter>Objects</Filter>
    </ClInclude>
    <ClInclude Include="Particle.h">
      <Filter>Objects</Filter>
    </ClInclude>
    <ClInclude Include="SpringForceGenerator.h">
      <Filter>ForceGenerators</Filter>
    </ClInclude>
    <ClInclude Include="StaticSpringForceGenerator.h">
      <Filter>ForceGenerators</Filter>
    </ClInclude>
    <ClInclude Include="BuoyancyForceGenerator.h">
      <Filter>ForceGenerators</Filter>
    </ClInclude>
    <ClInclude Include="RigidBodyGenerator.h">
      <Filter>RigidBodies</Filter>
    </ClInclude>
    <ClInclude Include="RigidBodyForceRegistry.h">
      <Filter>RigidBodies</Filter>
    </ClInclude>
    <ClInclude Include="RigidBody.h">
      <Filter>RigidBodies</Filter>
    </ClInclude>
    <ClInclude Include="RBSystem.h">
      <Filter>RigidBodies</Filter>
    </ClInclude>
  </ItemGroup>
  <ItemGroup>
    <Filter Include="Render">
      <UniqueIdentifier>{d04b4f9f-5a69-465e-8070-25c6d0bcd3c2}</UniqueIdentifier>
    </Filter>
    <Filter Include="ForceGenerators">
      <UniqueIdentifier>{766bbee2-c079-450f-8c2b-862301b3a05a}</UniqueIdentifier>
    </Filter>
    <Filter Include="ParticleGenerators">
      <UniqueIdentifier>{d247cace-2073-4bcc-840c-a2a0b34f69f3}</UniqueIdentifier>
    </Filter>
    <Filter Include="Objects">
      <UniqueIdentifier>{3a6ad37e-3ec1-4b0b-bcda-40cedd17a598}</UniqueIdentifier>
    </Filter>
    <Filter Include="RigidBodies">
      <UniqueIdentifier>{45510c2e-926e-4fcc-88b6-af06439fe086}</UniqueIdentifier>
    </Filter>
  </ItemGroup>
</Project>